
Microsoft Visual Studio Solution File, Format Version 12.00
# Visual Studio Version 16
VisualStudioVersion = 16.0.31005.135
MinimumVisualStudioVersion = 10.0.40219.1
Project("{FAE04EC0-301F-11D3-BF4B-00C04F79EFBC}") = "FileReader.ConsoleApp", "FileReader.ConsoleApp\FileReader.ConsoleApp.csproj", "{E71F9044-DF71-4255-A184-A6BF9093CF65}"
EndProject
Project("{FAE04EC0-301F-11D3-BF4B-00C04F79EFBC}") = "FileReader.Library", "FileReader.Library\FileReader.Library.csproj", "{692D37D0-4721-4970-ACAE-955AE4AAD8AF}"
EndProject
Project("{FAE04EC0-301F-11D3-BF4B-00C04F79EFBC}") = "FileReader.Models", "FileReader.Models\FileReader.Models.csproj", "{C58B3E7B-2E26-4FFE-BD75-F470473F571B}"
EndProject
Global
	GlobalSection(SolutionConfigurationPlatforms) = preSolution
		Debug|Any CPU = Debug|Any CPU
		Release|Any CPU = Release|Any CPU
	EndGlobalSection
	GlobalSection(ProjectConfigurationPlatforms) = postSolution
		{E71F9044-DF71-4255-A184-A6BF9093CF65}.Debug|Any CPU.ActiveCfg = Debug|Any CPU
		{E71F9044-DF71-4255-A184-A6BF9093CF65}.Debug|Any CPU.Build.0 = Debug|Any CPU
		{E71F9044-DF71-4255-A184-A6BF9093CF65}.Release|Any CPU.ActiveCfg = Release|Any CPU
		{E71F9044-DF71-4255-A184-A6BF9093CF65}.Release|Any CPU.Build.0 = Release|Any CPU
		{692D37D0-4721-4970-ACAE-955AE4AAD8AF}.Debug|Any CPU.ActiveCfg = Debug|Any CPU
		{692D37D0-4721-4970-ACAE-955AE4AAD8AF}.Debug|Any CPU.Build.0 = Debug|Any CPU
		{692D37D0-4721-4970-ACAE-955AE4AAD8AF}.Release|Any CPU.ActiveCfg = Release|Any CPU
		{692D37D0-4721-4970-ACAE-955AE4AAD8AF}.Release|Any CPU.Build.0 = Release|Any CPU
		{C58B3E7B-2E26-4FFE-BD75-F470473F571B}.Debug|Any CPU.ActiveCfg = Debug|Any CPU
		{C58B3E7B-2E26-4FFE-BD75-F470473F571B}.Debug|Any CPU.Build.0 = Debug|Any CPU
		{C58B3E7B-2E26-4FFE-BD75-F470473F571B}.Release|Any CPU.ActiveCfg = Release|Any CPU
		{C58B3E7B-2E26-4FFE-BD75-F470473F571B}.Release|Any CPU.Build.0 = Release|Any CPU
	EndGlobalSection
	GlobalSection(SolutionProperties) = preSolution
		HideSolutionNode = FALSE
	EndGlobalSection
	GlobalSection(ExtensibilityGlobals) = postSolution
		SolutionGuid = {72D78038-B165-4886-A79F-1CAF17EC48C0}
	EndGlobalSection
EndGlobal
